
Microsoft Visual Studio Solution File, Format Version 12.00
# Visual Studio Version 17
VisualStudioVersion = 17.11.35312.102
MinimumVisualStudioVersion = 10.0.40219.1
Project("{FAE04EC0-301F-11D3-BF4B-00C04F79EFBC}") = "Calisma3", "Calisma3\Calisma3.csproj", "{C444B224-3865-42C8-B5B8-A8F5EAFBBCAB}"
EndProject
Global
	GlobalSection(SolutionConfigurationPlatforms) = preSolution
		Debug|Any CPU = Debug|Any CPU
		Release|Any CPU = Release|Any CPU
	EndGlobalSection
	GlobalSection(ProjectConfigurationPlatforms) = postSolution
		{C444B224-3865-42C8-B5B8-A8F5EAFBBCAB}.Debug|Any CPU.ActiveCfg = Debug|Any CPU
		{C444B224-3865-42C8-B5B8-A8F5EAFBBCAB}.Debug|Any CPU.Build.0 = Debug|Any CPU
		{C444B224-3865-42C8-B5B8-A8F5EAFBBCAB}.Release|Any CPU.ActiveCfg = Release|Any CPU
		{C444B224-3865-42C8-B5B8-A8F5EAFBBCAB}.Release|Any CPU.Build.0 = Release|Any CPU
	EndGlobalSection
	GlobalSection(SolutionProperties) = preSolution
		HideSolutionNode = FALSE
	EndGlobalSection
	GlobalSection(ExtensibilityGlobals) = postSolution
		SolutionGuid = {BE8EBDE7-5310-42D5-A18F-74A907C70D95}
	EndGlobalSection
EndGlobal
