
Microsoft Visual Studio Solution File, Format Version 12.00
# Visual Studio Version 17
VisualStudioVersion = 17.11.35312.102
MinimumVisualStudioVersion = 10.0.40219.1
Project("{FAE04EC0-301F-11D3-BF4B-00C04F79EFBC}") = "calisma_1", "calisma_1\calisma_1.csproj", "{31267A31-8B96-4C66-8A3C-CE11D5EB79CC}"
EndProject
Global
	GlobalSection(SolutionConfigurationPlatforms) = preSolution
		Debug|Any CPU = Debug|Any CPU
		Release|Any CPU = Release|Any CPU
	EndGlobalSection
	GlobalSection(ProjectConfigurationPlatforms) = postSolution
		{31267A31-8B96-4C66-8A3C-CE11D5EB79CC}.Debug|Any CPU.ActiveCfg = Debug|Any CPU
		{31267A31-8B96-4C66-8A3C-CE11D5EB79CC}.Debug|Any CPU.Build.0 = Debug|Any CPU
		{31267A31-8B96-4C66-8A3C-CE11D5EB79CC}.Release|Any CPU.ActiveCfg = Release|Any CPU
		{31267A31-8B96-4C66-8A3C-CE11D5EB79CC}.Release|Any CPU.Build.0 = Release|Any CPU
	EndGlobalSection
	GlobalSection(SolutionProperties) = preSolution
		HideSolutionNode = FALSE
	EndGlobalSection
	GlobalSection(ExtensibilityGlobals) = postSolution
		SolutionGuid = {F03498C7-C186-4A9E-B3E0-BC974198E8E3}
	EndGlobalSection
EndGlobal
